
Microsoft Visual Studio Solution File, Format Version 12.00
# Visual Studio Version 16
VisualStudioVersion = 16.0.29613.14
MinimumVisualStudioVersion = 15.0.26124.0
Project("{9A19103F-16F7-4668-BE54-9A1E7A4F7556}") = "Domain", "API.Domain\Domain.csproj", "{D51FFF3D-3E7F-4664-BAA1-10A390538CE4}"
EndProject
Project("{9A19103F-16F7-4668-BE54-9A1E7A4F7556}") = "CrossCutting", "API.CrossCutting\CrossCutting.csproj", "{AB2FC9AC-571F-42AC-830F-A1E84C85285E}"
EndProject
Project("{9A19103F-16F7-4668-BE54-9A1E7A4F7556}") = "Data", "API.Data\Data.csproj", "{B53683F6-710F-4097-AB3F-72DF4785CFB3}"
EndProject
Project("{9A19103F-16F7-4668-BE54-9A1E7A4F7556}") = "Service", "API.Service\Service.csproj", "{914204B3-6AED-4570-95D5-DBD760E6FF90}"
EndProject
Project("{FAE04EC0-301F-11D3-BF4B-00C04F79EFBC}") = "Application", "API.Application\Application.csproj", "{9A0C230C-8E79-4B03-8173-5D7CC37D140C}"
EndProject
Global
	GlobalSection(SolutionConfigurationPlatforms) = preSolution
		Debug|Any CPU = Debug|Any CPU
		Debug|x64 = Debug|x64
		Debug|x86 = Debug|x86
		Release|Any CPU = Release|Any CPU
		Release|x64 = Release|x64
		Release|x86 = Release|x86
	EndGlobalSection
	GlobalSection(ProjectConfigurationPlatforms) = postSolution
		{D51FFF3D-3E7F-4664-BAA1-10A390538CE4}.Debug|Any CPU.ActiveCfg = Debug|Any CPU
		{D51FFF3D-3E7F-4664-BAA1-10A390538CE4}.Debug|Any CPU.Build.0 = Debug|Any CPU
		{D51FFF3D-3E7F-4664-BAA1-10A390538CE4}.Debug|x64.ActiveCfg = Debug|Any CPU
		{D51FFF3D-3E7F-4664-BAA1-10A390538CE4}.Debug|x64.Build.0 = Debug|Any CPU
		{D51FFF3D-3E7F-4664-BAA1-10A390538CE4}.Debug|x86.ActiveCfg = Debug|Any CPU
		{D51FFF3D-3E7F-4664-BAA1-10A390538CE4}.Debug|x86.Build.0 = Debug|Any CPU
		{D51FFF3D-3E7F-4664-BAA1-10A390538CE4}.Release|Any CPU.ActiveCfg = Release|Any CPU
		{D51FFF3D-3E7F-4664-BAA1-10A390538CE4}.Release|Any CPU.Build.0 = Release|Any CPU
		{D51FFF3D-3E7F-4664-BAA1-10A390538CE4}.Release|x64.ActiveCfg = Release|Any CPU
		{D51FFF3D-3E7F-4664-BAA1-10A390538CE4}.Release|x64.Build.0 = Release|Any CPU
		{D51FFF3D-3E7F-4664-BAA1-10A390538CE4}.Release|x86.ActiveCfg = Release|Any CPU
		{D51FFF3D-3E7F-4664-BAA1-10A390538CE4}.Release|x86.Build.0 = Release|Any CPU
		{AB2FC9AC-571F-42AC-830F-A1E84C85285E}.Debug|Any CPU.ActiveCfg = Debug|Any CPU
		{AB2FC9AC-571F-42AC-830F-A1E84C85285E}.Debug|Any CPU.Build.0 = Debug|Any CPU
		{AB2FC9AC-571F-42AC-830F-A1E84C85285E}.Debug|x64.ActiveCfg = Debug|Any CPU
		{AB2FC9AC-571F-42AC-830F-A1E84C85285E}.Debug|x64.Build.0 = Debug|Any CPU
		{AB2FC9AC-571F-42AC-830F-A1E84C85285E}.Debug|x86.ActiveCfg = Debug|Any CPU
		{AB2FC9AC-571F-42AC-830F-A1E84C85285E}.Debug|x86.Build.0 = Debug|Any CPU
		{AB2FC9AC-571F-42AC-830F-A1E84C85285E}.Release|Any CPU.ActiveCfg = Release|Any CPU
		{AB2FC9AC-571F-42AC-830F-A1E84C85285E}.Release|Any CPU.Build.0 = Release|Any CPU
		{AB2FC9AC-571F-42AC-830F-A1E84C85285E}.Release|x64.ActiveCfg = Release|Any CPU
		{AB2FC9AC-571F-42AC-830F-A1E84C85285E}.Release|x64.Build.0 = Release|Any CPU
		{AB2FC9AC-571F-42AC-830F-A1E84C85285E}.Release|x86.ActiveCfg = Release|Any CPU
		{AB2FC9AC-571F-42AC-830F-A1E84C85285E}.Release|x86.Build.0 = Release|Any CPU
		{B53683F6-710F-4097-AB3F-72DF4785CFB3}.Debug|Any CPU.ActiveCfg = Debug|Any CPU
		{B53683F6-710F-4097-AB3F-72DF4785CFB3}.Debug|Any CPU.Build.0 = Debug|Any CPU
		{B53683F6-710F-4097-AB3F-72DF4785CFB3}.Debug|x64.ActiveCfg = Debug|Any CPU
		{B53683F6-710F-4097-AB3F-72DF4785CFB3}.Debug|x64.Build.0 = Debug|Any CPU
		{B53683F6-710F-4097-AB3F-72DF4785CFB3}.Debug|x86.ActiveCfg = Debug|Any CPU
		{B53683F6-710F-4097-AB3F-72DF4785CFB3}.Debug|x86.Build.0 = Debug|Any CPU
		{B53683F6-710F-4097-AB3F-72DF4785CFB3}.Release|Any CPU.ActiveCfg = Release|Any CPU
		{B53683F6-710F-4097-AB3F-72DF4785CFB3}.Release|Any CPU.Build.0 = Release|Any CPU
		{B53683F6-710F-4097-AB3F-72DF4785CFB3}.Release|x64.ActiveCfg = Release|Any CPU
		{B53683F6-710F-4097-AB3F-72DF4785CFB3}.Release|x64.Build.0 = Release|Any CPU
		{B53683F6-710F-4097-AB3F-72DF4785CFB3}.Release|x86.ActiveCfg = Release|Any CPU
		{B53683F6-710F-4097-AB3F-72DF4785CFB3}.Release|x86.Build.0 = Release|Any CPU
		{914204B3-6AED-4570-95D5-DBD760E6FF90}.Debug|Any CPU.ActiveCfg = Debug|Any CPU
		{914204B3-6AED-4570-95D5-DBD760E6FF90}.Debug|Any CPU.Build.0 = Debug|Any CPU
		{914204B3-6AED-4570-95D5-DBD760E6FF90}.Debug|x64.ActiveCfg = Debug|Any CPU
		{914204B3-6AED-4570-95D5-DBD760E6FF90}.Debug|x64.Build.0 = Debug|Any CPU
		{914204B3-6AED-4570-95D5-DBD760E6FF90}.Debug|x86.ActiveCfg = Debug|Any CPU
		{914204B3-6AED-4570-95D5-DBD760E6FF90}.Debug|x86.Build.0 = Debug|Any CPU
		{914204B3-6AED-4570-95D5-DBD760E6FF90}.Release|Any CPU.ActiveCfg = Release|Any CPU
		{914204B3-6AED-4570-95D5-DBD760E6FF90}.Release|Any CPU.Build.0 = Release|Any CPU
		{914204B3-6AED-4570-95D5-DBD760E6FF90}.Release|x64.ActiveCfg = Release|Any CPU
		{914204B3-6AED-4570-95D5-DBD760E6FF90}.Release|x64.Build.0 = Release|Any CPU
		{914204B3-6AED-4570-95D5-DBD760E6FF90}.Release|x86.ActiveCfg = Release|Any CPU
		{914204B3-6AED-4570-95D5-DBD760E6FF90}.Release|x86.Build.0 = Release|Any CPU
		{BE97D0FF-2BD0-4B13-B73D-214F6D3FC162}.Debug|Any CPU.ActiveCfg = Debug|Any CPU
		{BE97D0FF-2BD0-4B13-B73D-214F6D3FC162}.Debug|Any CPU.Build.0 = Debug|Any CPU
		{BE97D0FF-2BD0-4B13-B73D-214F6D3FC162}.Debug|x64.ActiveCfg = Debug|Any CPU
		{BE97D0FF-2BD0-4B13-B73D-214F6D3FC162}.Debug|x64.Build.0 = Debug|Any CPU
		{BE97D0FF-2BD0-4B13-B73D-214F6D3FC162}.Debug|x86.ActiveCfg = Debug|Any CPU
		{BE97D0FF-2BD0-4B13-B73D-214F6D3FC162}.Debug|x86.Build.0 = Debug|Any CPU
		{BE97D0FF-2BD0-4B13-B73D-214F6D3FC162}.Release|Any CPU.ActiveCfg = Release|Any CPU
		{BE97D0FF-2BD0-4B13-B73D-214F6D3FC162}.Release|Any CPU.Build.0 = Release|Any CPU
		{BE97D0FF-2BD0-4B13-B73D-214F6D3FC162}.Release|x64.ActiveCfg = Release|Any CPU
		{BE97D0FF-2BD0-4B13-B73D-214F6D3FC162}.Release|x64.Build.0 = Release|Any CPU
		{BE97D0FF-2BD0-4B13-B73D-214F6D3FC162}.Release|x86.ActiveCfg = Release|Any CPU
		{BE97D0FF-2BD0-4B13-B73D-214F6D3FC162}.Release|x86.Build.0 = Release|Any CPU
		{87CF6943-5CD7-4963-A5F3-8D3BA0415718}.Debug|Any CPU.ActiveCfg = Debug|Any CPU
		{87CF6943-5CD7-4963-A5F3-8D3BA0415718}.Debug|Any CPU.Build.0 = Debug|Any CPU
		{87CF6943-5CD7-4963-A5F3-8D3BA0415718}.Debug|x64.ActiveCfg = Debug|Any CPU
		{87CF6943-5CD7-4963-A5F3-8D3BA0415718}.Debug|x64.Build.0 = Debug|Any CPU
		{87CF6943-5CD7-4963-A5F3-8D3BA0415718}.Debug|x86.ActiveCfg = Debug|Any CPU
		{87CF6943-5CD7-4963-A5F3-8D3BA0415718}.Debug|x86.Build.0 = Debug|Any CPU
		{87CF6943-5CD7-4963-A5F3-8D3BA0415718}.Release|Any CPU.ActiveCfg = Release|Any CPU
		{87CF6943-5CD7-4963-A5F3-8D3BA0415718}.Release|Any CPU.Build.0 = Release|Any CPU
		{87CF6943-5CD7-4963-A5F3-8D3BA0415718}.Release|x64.ActiveCfg = Release|Any CPU
		{87CF6943-5CD7-4963-A5F3-8D3BA0415718}.Release|x64.Build.0 = Release|Any CPU
		{87CF6943-5CD7-4963-A5F3-8D3BA0415718}.Release|x86.ActiveCfg = Release|Any CPU
		{87CF6943-5CD7-4963-A5F3-8D3BA0415718}.Release|x86.Build.0 = Release|Any CPU
		{9A0C230C-8E79-4B03-8173-5D7CC37D140C}.Debug|Any CPU.ActiveCfg = Debug|Any CPU
		{9A0C230C-8E79-4B03-8173-5D7CC37D140C}.Debug|Any CPU.Build.0 = Debug|Any CPU
		{9A0C230C-8E79-4B03-8173-5D7CC37D140C}.Debug|x64.ActiveCfg = Debug|Any CPU
		{9A0C230C-8E79-4B03-8173-5D7CC37D140C}.Debug|x64.Build.0 = Debug|Any CPU
		{9A0C230C-8E79-4B03-8173-5D7CC37D140C}.Debug|x86.ActiveCfg = Debug|Any CPU
		{9A0C230C-8E79-4B03-8173-5D7CC37D140C}.Debug|x86.Build.0 = Debug|Any CPU
		{9A0C230C-8E79-4B03-8173-5D7CC37D140C}.Release|Any CPU.ActiveCfg = Release|Any CPU
		{9A0C230C-8E79-4B03-8173-5D7CC37D140C}.Release|Any CPU.Build.0 = Release|Any CPU
		{9A0C230C-8E79-4B03-8173-5D7CC37D140C}.Release|x64.ActiveCfg = Release|Any CPU
		{9A0C230C-8E79-4B03-8173-5D7CC37D140C}.Release|x64.Build.0 = Release|Any CPU
		{9A0C230C-8E79-4B03-8173-5D7CC37D140C}.Release|x86.ActiveCfg = Release|Any CPU
		{9A0C230C-8E79-4B03-8173-5D7CC37D140C}.Release|x86.Build.0 = Release|Any CPU
	EndGlobalSection
	GlobalSection(SolutionProperties) = preSolution
		HideSolutionNode = FALSE
	EndGlobalSection
	GlobalSection(ExtensibilityGlobals) = postSolution
		SolutionGuid = {4793DD24-AC9E-4FBF-8E8E-1BBB4E5FCF58}
	EndGlobalSection
EndGlobal
